
Microsoft Visual Studio Solution File, Format Version 12.00
# Visual Studio Version 17
VisualStudioVersion = 17.8.34322.80
MinimumVisualStudioVersion = 10.0.40219.1
Project("{9A19103F-16F7-4668-BE54-9A1E7A4F7556}") = "SunuElectionDataAutomationSuite", "SunuElectionDataAutomationSuite\SunuElectionDataAutomationSuite.csproj", "{68EE59A5-4082-483D-A7A2-00A48C183A64}"
EndProject
Global
	GlobalSection(SolutionConfigurationPlatforms) = preSolution
		Debug|Any CPU = Debug|Any CPU
		Release|Any CPU = Release|Any CPU
	EndGlobalSection
	GlobalSection(ProjectConfigurationPlatforms) = postSolution
		{68EE59A5-4082-483D-A7A2-00A48C183A64}.Debug|Any CPU.ActiveCfg = Debug|Any CPU
		{68EE59A5-4082-483D-A7A2-00A48C183A64}.Debug|Any CPU.Build.0 = Debug|Any CPU
		{68EE59A5-4082-483D-A7A2-00A48C183A64}.Release|Any CPU.ActiveCfg = Release|Any CPU
		{68EE59A5-4082-483D-A7A2-00A48C183A64}.Release|Any CPU.Build.0 = Release|Any CPU
	EndGlobalSection
	GlobalSection(SolutionProperties) = preSolution
		HideSolutionNode = FALSE
	EndGlobalSection
	GlobalSection(ExtensibilityGlobals) = postSolution
		SolutionGuid = {55950C69-0029-4190-B902-987E036F2555}
	EndGlobalSection
EndGlobal
